// !$*UTF8*$!
{
	archiveVersion = 1;
	classes = {
	};
	objectVersion = 50;
	objects = {

/* Begin PBXBuildFile section */
		3753AD6D20B56F5400612D6B /* AppDelegate.swift in Sources */ = {isa = PBXBuildFile; fileRef = 3753AD6C20B56F5400612D6B /* AppDelegate.swift */; };
		3753AD6F20B56F5400612D6B /* ViewController.swift in Sources */ = {isa = PBXBuildFile; fileRef = 3753AD6E20B56F5400612D6B /* ViewController.swift */; };
		3753AD7220B56F5400612D6B /* Main.storyboard in Resources */ = {isa = PBXBuildFile; fileRef = 3753AD7020B56F5400612D6B /* Main.storyboard */; };
		3753AD7420B56F5700612D6B /* Assets.xcassets in Resources */ = {isa = PBXBuildFile; fileRef = 3753AD7320B56F5700612D6B /* Assets.xcassets */; };
		3753AD7720B56F5700612D6B /* LaunchScreen.storyboard in Resources */ = {isa = PBXBuildFile; fileRef = 3753AD7520B56F5700612D6B /* LaunchScreen.storyboard */; };
		3753AD8220B56F5700612D6B /* travelAppTests.swift in Sources */ = {isa = PBXBuildFile; fileRef = 3753AD8120B56F5700612D6B /* travelAppTests.swift */; };
		3753AD8D20B56F5700612D6B /* travelAppUITests.swift in Sources */ = {isa = PBXBuildFile; fileRef = 3753AD8C20B56F5700612D6B /* travelAppUITests.swift */; };
		3753AD9D20B6927900612D6B /* CategoryCollectionViewCell.swift in Sources */ = {isa = PBXBuildFile; fileRef = 3753AD9B20B6927900612D6B /* CategoryCollectionViewCell.swift */; };
		3753AD9E20B6927900612D6B /* CategoryCollectionViewCell.xib in Resources */ = {isa = PBXBuildFile; fileRef = 3753AD9C20B6927900612D6B /* CategoryCollectionViewCell.xib */; };
		3753ADA320B69B3100612D6B /* PictureCollectionViewCell.swift in Sources */ = {isa = PBXBuildFile; fileRef = 3753ADA120B69B3100612D6B /* PictureCollectionViewCell.swift */; };
		3753ADA420B69B3100612D6B /* PictureCollectionViewCell.xib in Resources */ = {isa = PBXBuildFile; fileRef = 3753ADA220B69B3100612D6B /* PictureCollectionViewCell.xib */; };
		3753ADA820B6A40B00612D6B /* HomeViewController.swift in Sources */ = {isa = PBXBuildFile; fileRef = 3753ADA720B6A40B00612D6B /* HomeViewController.swift */; };
		3753ADAA20B6A43A00612D6B /* HomeViewController.storyboard in Resources */ = {isa = PBXBuildFile; fileRef = 3753ADA920B6A43A00612D6B /* HomeViewController.storyboard */; };
		377B3B5820B6A85F00BB50C0 /* TripViewController.swift in Sources */ = {isa = PBXBuildFile; fileRef = 377B3B5720B6A85F00BB50C0 /* TripViewController.swift */; };
		377B3B5A20B6A8B000BB50C0 /* TripViewController.storyboard in Resources */ = {isa = PBXBuildFile; fileRef = 377B3B5920B6A8B000BB50C0 /* TripViewController.storyboard */; };
		377B3B5C20B6A8D400BB50C0 /* MyPageViewController.swift in Sources */ = {isa = PBXBuildFile; fileRef = 377B3B5B20B6A8D400BB50C0 /* MyPageViewController.swift */; };
		377B3B5F20B6A8F200BB50C0 /* MyPageViewController.storyboard in Resources */ = {isa = PBXBuildFile; fileRef = 377B3B5E20B6A8F200BB50C0 /* MyPageViewController.storyboard */; };
		377B3B6220B6AA5000BB50C0 /* ApplicationCoordinator.swift in Sources */ = {isa = PBXBuildFile; fileRef = 377B3B6120B6AA5000BB50C0 /* ApplicationCoordinator.swift */; };
		377B3B6420B6AA8F00BB50C0 /* Coordinator.swift in Sources */ = {isa = PBXBuildFile; fileRef = 377B3B6320B6AA8F00BB50C0 /* Coordinator.swift */; };
		377B3B6720B6AD4C00BB50C0 /* HomeCoordinator.swift in Sources */ = {isa = PBXBuildFile; fileRef = 377B3B6620B6AD4C00BB50C0 /* HomeCoordinator.swift */; };
		377B3B6920B6AE8C00BB50C0 /* TripCoordinator.swift in Sources */ = {isa = PBXBuildFile; fileRef = 377B3B6820B6AE8C00BB50C0 /* TripCoordinator.swift */; };
		377B3B6B20B6AE9F00BB50C0 /* MyPageCoordinator.swift in Sources */ = {isa = PBXBuildFile; fileRef = 377B3B6A20B6AE9F00BB50C0 /* MyPageCoordinator.swift */; };
		377B3B6E20B6B1D300BB50C0 /* UIViewController + Base.swift in Sources */ = {isa = PBXBuildFile; fileRef = 377B3B6D20B6B1D300BB50C0 /* UIViewController + Base.swift */; };
		377B3B7020B6B2CC00BB50C0 /* NSObject + Base.swift in Sources */ = {isa = PBXBuildFile; fileRef = 377B3B6F20B6B2CC00BB50C0 /* NSObject + Base.swift */; };
		377B3B7420B7A88B00BB50C0 /* IGListKit.framework in Frameworks */ = {isa = PBXBuildFile; fileRef = 377B3B7220B7A88B00BB50C0 /* IGListKit.framework */; };
		377B3B7520B7A88B00BB50C0 /* Lottie.framework in Frameworks */ = {isa = PBXBuildFile; fileRef = 377B3B7320B7A88B00BB50C0 /* Lottie.framework */; };
		377B3B7A20B7A96900BB50C0 /* Category.swift in Sources */ = {isa = PBXBuildFile; fileRef = 377B3B7920B7A96900BB50C0 /* Category.swift */; };
		377B3B7D20B7B0E600BB50C0 /* CategorySectionController.swift in Sources */ = {isa = PBXBuildFile; fileRef = 377B3B7C20B7B0E600BB50C0 /* CategorySectionController.swift */; };
		377B3B7F20B7E98F00BB50C0 /* PictureSectionCotroller.swift in Sources */ = {isa = PBXBuildFile; fileRef = 377B3B7E20B7E98F00BB50C0 /* PictureSectionCotroller.swift */; };
		377B3B8320B7EEFE00BB50C0 /* Picture.swift in Sources */ = {isa = PBXBuildFile; fileRef = 377B3B8220B7EEFE00BB50C0 /* Picture.swift */; };
		377B3B8620B7F6BD00BB50C0 /* AlamofireImage.framework in Frameworks */ = {isa = PBXBuildFile; fileRef = 377B3B8420B7F6BD00BB50C0 /* AlamofireImage.framework */; };
		377B3B8720B7F6BD00BB50C0 /* Alamofire.framework in Frameworks */ = {isa = PBXBuildFile; fileRef = 377B3B8520B7F6BD00BB50C0 /* Alamofire.framework */; };
		377B3B8920B7F79600BB50C0 /* BulletinBoard.framework in Frameworks */ = {isa = PBXBuildFile; fileRef = 377B3B8820B7F79600BB50C0 /* BulletinBoard.framework */; };
/* End PBXBuildFile section */

/* Begin PBXContainerItemProxy section */
		3753AD7E20B56F5700612D6B /* PBXContainerItemProxy */ = {
			isa = PBXContainerItemProxy;
			containerPortal = 3753AD6120B56F5400612D6B /* Project object */;
			proxyType = 1;
			remoteGlobalIDString = 3753AD6820B56F5400612D6B;
			remoteInfo = travelApp;
		};
		3753AD8920B56F5700612D6B /* PBXContainerItemProxy */ = {
			isa = PBXContainerItemProxy;
			containerPortal = 3753AD6120B56F5400612D6B /* Project object */;
			proxyType = 1;
			remoteGlobalIDString = 3753AD6820B56F5400612D6B;
			remoteInfo = travelApp;
		};
/* End PBXContainerItemProxy section */

/* Begin PBXFileReference section */
		3753AD6920B56F5400612D6B /* travelApp.app */ = {isa = PBXFileReference; explicitFileType = wrapper.application; includeInIndex = 0; path = travelApp.app; sourceTree = BUILT_PRODUCTS_DIR; };
		3753AD6C20B56F5400612D6B /* AppDelegate.swift */ = {isa = PBXFileReference; lastKnownFileType = sourcecode.swift; path = AppDelegate.swift; sourceTree = "<group>"; };
		3753AD6E20B56F5400612D6B /* ViewController.swift */ = {isa = PBXFileReference; lastKnownFileType = sourcecode.swift; path = ViewController.swift; sourceTree = "<group>"; };
		3753AD7120B56F5400612D6B /* Base */ = {isa = PBXFileReference; lastKnownFileType = file.storyboard; name = Base; path = Base.lproj/Main.storyboard; sourceTree = "<group>"; };
		3753AD7320B56F5700612D6B /* Assets.xcassets */ = {isa = PBXFileReference; lastKnownFileType = folder.assetcatalog; path = Assets.xcassets; sourceTree = "<group>"; };
		3753AD7620B56F5700612D6B /* Base */ = {isa = PBXFileReference; lastKnownFileType = file.storyboard; name = Base; path = Base.lproj/LaunchScreen.storyboard; sourceTree = "<group>"; };
		3753AD7820B56F5700612D6B /* Info.plist */ = {isa = PBXFileReference; lastKnownFileType = text.plist.xml; path = Info.plist; sourceTree = "<group>"; };
		3753AD7D20B56F5700612D6B /* travelAppTests.xctest */ = {isa = PBXFileReference; explicitFileType = wrapper.cfbundle; includeInIndex = 0; path = travelAppTests.xctest; sourceTree = BUILT_PRODUCTS_DIR; };
		3753AD8120B56F5700612D6B /* travelAppTests.swift */ = {isa = PBXFileReference; lastKnownFileType = sourcecode.swift; path = travelAppTests.swift; sourceTree = "<group>"; };
		3753AD8320B56F5700612D6B /* Info.plist */ = {isa = PBXFileReference; lastKnownFileType = text.plist.xml; path = Info.plist; sourceTree = "<group>"; };
		3753AD8820B56F5700612D6B /* travelAppUITests.xctest */ = {isa = PBXFileReference; explicitFileType = wrapper.cfbundle; includeInIndex = 0; path = travelAppUITests.xctest; sourceTree = BUILT_PRODUCTS_DIR; };
		3753AD8C20B56F5700612D6B /* travelAppUITests.swift */ = {isa = PBXFileReference; lastKnownFileType = sourcecode.swift; path = travelAppUITests.swift; sourceTree = "<group>"; };
		3753AD8E20B56F5700612D6B /* Info.plist */ = {isa = PBXFileReference; lastKnownFileType = text.plist.xml; path = Info.plist; sourceTree = "<group>"; };
		3753AD9B20B6927900612D6B /* CategoryCollectionViewCell.swift */ = {isa = PBXFileReference; lastKnownFileType = sourcecode.swift; path = CategoryCollectionViewCell.swift; sourceTree = "<group>"; };
		3753AD9C20B6927900612D6B /* CategoryCollectionViewCell.xib */ = {isa = PBXFileReference; lastKnownFileType = file.xib; path = CategoryCollectionViewCell.xib; sourceTree = "<group>"; };
		3753ADA120B69B3100612D6B /* PictureCollectionViewCell.swift */ = {isa = PBXFileReference; lastKnownFileType = sourcecode.swift; path = PictureCollectionViewCell.swift; sourceTree = "<group>"; };
		3753ADA220B69B3100612D6B /* PictureCollectionViewCell.xib */ = {isa = PBXFileReference; lastKnownFileType = file.xib; path = PictureCollectionViewCell.xib; sourceTree = "<group>"; };
		3753ADA720B6A40B00612D6B /* HomeViewController.swift */ = {isa = PBXFileReference; lastKnownFileType = sourcecode.swift; path = HomeViewController.swift; sourceTree = "<group>"; };
		3753ADA920B6A43A00612D6B /* HomeViewController.storyboard */ = {isa = PBXFileReference; lastKnownFileType = file.storyboard; path = HomeViewController.storyboard; sourceTree = "<group>"; };
		377B3B5720B6A85F00BB50C0 /* TripViewController.swift */ = {isa = PBXFileReference; lastKnownFileType = sourcecode.swift; path = TripViewController.swift; sourceTree = "<group>"; };
		377B3B5920B6A8B000BB50C0 /* TripViewController.storyboard */ = {isa = PBXFileReference; lastKnownFileType = file.storyboard; path = TripViewController.storyboard; sourceTree = "<group>"; };
		377B3B5B20B6A8D400BB50C0 /* MyPageViewController.swift */ = {isa = PBXFileReference; lastKnownFileType = sourcecode.swift; path = MyPageViewController.swift; sourceTree = "<group>"; };
		377B3B5E20B6A8F200BB50C0 /* MyPageViewController.storyboard */ = {isa = PBXFileReference; lastKnownFileType = file.storyboard; path = MyPageViewController.storyboard; sourceTree = "<group>"; };
		377B3B6120B6AA5000BB50C0 /* ApplicationCoordinator.swift */ = {isa = PBXFileReference; lastKnownFileType = sourcecode.swift; path = ApplicationCoordinator.swift; sourceTree = "<group>"; };
		377B3B6320B6AA8F00BB50C0 /* Coordinator.swift */ = {isa = PBXFileReference; lastKnownFileType = sourcecode.swift; path = Coordinator.swift; sourceTree = "<group>"; };
		377B3B6620B6AD4C00BB50C0 /* HomeCoordinator.swift */ = {isa = PBXFileReference; lastKnownFileType = sourcecode.swift; path = HomeCoordinator.swift; sourceTree = "<group>"; };
		377B3B6820B6AE8C00BB50C0 /* TripCoordinator.swift */ = {isa = PBXFileReference; lastKnownFileType = sourcecode.swift; path = TripCoordinator.swift; sourceTree = "<group>"; };
		377B3B6A20B6AE9F00BB50C0 /* MyPageCoordinator.swift */ = {isa = PBXFileReference; lastKnownFileType = sourcecode.swift; path = MyPageCoordinator.swift; sourceTree = "<group>"; };
		377B3B6D20B6B1D300BB50C0 /* UIViewController + Base.swift */ = {isa = PBXFileReference; lastKnownFileType = sourcecode.swift; path = "UIViewController + Base.swift"; sourceTree = "<group>"; };
		377B3B6F20B6B2CC00BB50C0 /* NSObject + Base.swift */ = {isa = PBXFileReference; lastKnownFileType = sourcecode.swift; path = "NSObject + Base.swift"; sourceTree = "<group>"; };
		377B3B7220B7A88B00BB50C0 /* IGListKit.framework */ = {isa = PBXFileReference; lastKnownFileType = wrapper.framework; name = IGListKit.framework; path = Carthage/Build/iOS/IGListKit.framework; sourceTree = "<group>"; };
		377B3B7320B7A88B00BB50C0 /* Lottie.framework */ = {isa = PBXFileReference; lastKnownFileType = wrapper.framework; name = Lottie.framework; path = Carthage/Build/iOS/Lottie.framework; sourceTree = "<group>"; };
		377B3B7920B7A96900BB50C0 /* Category.swift */ = {isa = PBXFileReference; lastKnownFileType = sourcecode.swift; path = Category.swift; sourceTree = "<group>"; };
		377B3B7C20B7B0E600BB50C0 /* CategorySectionController.swift */ = {isa = PBXFileReference; lastKnownFileType = sourcecode.swift; path = CategorySectionController.swift; sourceTree = "<group>"; };
		377B3B7E20B7E98F00BB50C0 /* PictureSectionCotroller.swift */ = {isa = PBXFileReference; lastKnownFileType = sourcecode.swift; path = PictureSectionCotroller.swift; sourceTree = "<group>"; };
		377B3B8220B7EEFE00BB50C0 /* Picture.swift */ = {isa = PBXFileReference; lastKnownFileType = sourcecode.swift; path = Picture.swift; sourceTree = "<group>"; };
		377B3B8420B7F6BD00BB50C0 /* AlamofireImage.framework */ = {isa = PBXFileReference; lastKnownFileType = wrapper.framework; name = AlamofireImage.framework; path = Carthage/Build/iOS/AlamofireImage.framework; sourceTree = "<group>"; };
		377B3B8520B7F6BD00BB50C0 /* Alamofire.framework */ = {isa = PBXFileReference; lastKnownFileType = wrapper.framework; name = Alamofire.framework; path = Carthage/Build/iOS/Alamofire.framework; sourceTree = "<group>"; };
		377B3B8820B7F79600BB50C0 /* BulletinBoard.framework */ = {isa = PBXFileReference; lastKnownFileType = wrapper.framework; name = BulletinBoard.framework; path = Carthage/Build/iOS/BulletinBoard.framework; sourceTree = "<group>"; };
/* End PBXFileReference section */

/* Begin PBXFrameworksBuildPhase section */
		3753AD6620B56F5400612D6B /* Frameworks */ = {
			isa = PBXFrameworksBuildPhase;
			buildActionMask = 2147483647;
			files = (
				377B3B8920B7F79600BB50C0 /* BulletinBoard.framework in Frameworks */,
				377B3B8620B7F6BD00BB50C0 /* AlamofireImage.framework in Frameworks */,
				377B3B8720B7F6BD00BB50C0 /* Alamofire.framework in Frameworks */,
				377B3B7420B7A88B00BB50C0 /* IGListKit.framework in Frameworks */,
				377B3B7520B7A88B00BB50C0 /* Lottie.framework in Frameworks */,
			);
			runOnlyForDeploymentPostprocessing = 0;
		};
		3753AD7A20B56F5700612D6B /* Frameworks */ = {
			isa = PBXFrameworksBuildPhase;
			buildActionMask = 2147483647;
			files = (
			);
			runOnlyForDeploymentPostprocessing = 0;
		};
		3753AD8520B56F5700612D6B /* Frameworks */ = {
			isa = PBXFrameworksBuildPhase;
			buildActionMask = 2147483647;
			files = (
			);
			runOnlyForDeploymentPostprocessing = 0;
		};
/* End PBXFrameworksBuildPhase section */

/* Begin PBXGroup section */
		3753AD6020B56F5400612D6B = {
			isa = PBXGroup;
			children = (
				3753AD6B20B56F5400612D6B /* travelApp */,
				3753AD8020B56F5700612D6B /* travelAppTests */,
				3753AD8B20B56F5700612D6B /* travelAppUITests */,
				3753AD6A20B56F5400612D6B /* Products */,
				377B3B7120B7A88B00BB50C0 /* Frameworks */,
			);
			sourceTree = "<group>";
		};
		3753AD6A20B56F5400612D6B /* Products */ = {
			isa = PBXGroup;
			children = (
				3753AD6920B56F5400612D6B /* travelApp.app */,
				3753AD7D20B56F5700612D6B /* travelAppTests.xctest */,
				3753AD8820B56F5700612D6B /* travelAppUITests.xctest */,
			);
			name = Products;
			sourceTree = "<group>";
		};
		3753AD6B20B56F5400612D6B /* travelApp */ = {
			isa = PBXGroup;
			children = (
				3753AD6C20B56F5400612D6B /* AppDelegate.swift */,
				377B3B6C20B6B0A700BB50C0 /* Extension */,
				377B3B7820B7A94600BB50C0 /* Entity */,
				3753AD9A20B6920D00612D6B /* View */,
				3753ADA620B6A26F00612D6B /* ViewController */,
				377B3B7B20B7ACF500BB50C0 /* SectionController */,
				3753AD6E20B56F5400612D6B /* ViewController.swift */,
				3753AD7020B56F5400612D6B /* Main.storyboard */,
				3753AD7320B56F5700612D6B /* Assets.xcassets */,
				3753AD7520B56F5700612D6B /* LaunchScreen.storyboard */,
				3753AD7820B56F5700612D6B /* Info.plist */,
			);
			path = travelApp;
			sourceTree = "<group>";
		};
		3753AD8020B56F5700612D6B /* travelAppTests */ = {
			isa = PBXGroup;
			children = (
				3753AD8120B56F5700612D6B /* travelAppTests.swift */,
				3753AD8320B56F5700612D6B /* Info.plist */,
			);
			path = travelAppTests;
			sourceTree = "<group>";
		};
		3753AD8B20B56F5700612D6B /* travelAppUITests */ = {
			isa = PBXGroup;
			children = (
				3753AD8C20B56F5700612D6B /* travelAppUITests.swift */,
				3753AD8E20B56F5700612D6B /* Info.plist */,
			);
			path = travelAppUITests;
			sourceTree = "<group>";
		};
		3753AD9A20B6920D00612D6B /* View */ = {
			isa = PBXGroup;
			children = (
				3753ADA020B69B1100612D6B /* Picture */,
				3753AD9F20B69B0100612D6B /* Category */,
			);
			path = View;
			sourceTree = "<group>";
		};
		3753AD9F20B69B0100612D6B /* Category */ = {
			isa = PBXGroup;
			children = (
				3753AD9B20B6927900612D6B /* CategoryCollectionViewCell.swift */,
				3753AD9C20B6927900612D6B /* CategoryCollectionViewCell.xib */,
			);
			path = Category;
			sourceTree = "<group>";
		};
		3753ADA020B69B1100612D6B /* Picture */ = {
			isa = PBXGroup;
			children = (
				3753ADA120B69B3100612D6B /* PictureCollectionViewCell.swift */,
				3753ADA220B69B3100612D6B /* PictureCollectionViewCell.xib */,
			);
			path = Picture;
			sourceTree = "<group>";
		};
		3753ADA620B6A26F00612D6B /* ViewController */ = {
			isa = PBXGroup;
			children = (
				3753ADAB20B6A4B300612D6B /* Home */,
				377B3B5620B6A84D00BB50C0 /* Trip */,
				377B3B5D20B6A8DA00BB50C0 /* MyPage */,
			);
			path = ViewController;
			sourceTree = "<group>";
		};
		3753ADAB20B6A4B300612D6B /* Home */ = {
			isa = PBXGroup;
			children = (
				3753ADA720B6A40B00612D6B /* HomeViewController.swift */,
				3753ADA920B6A43A00612D6B /* HomeViewController.storyboard */,
			);
			path = Home;
			sourceTree = "<group>";
		};
		377B3B5620B6A84D00BB50C0 /* Trip */ = {
			isa = PBXGroup;
			children = (
				377B3B5720B6A85F00BB50C0 /* TripViewController.swift */,
				377B3B5920B6A8B000BB50C0 /* TripViewController.storyboard */,
			);
			path = Trip;
			sourceTree = "<group>";
		};
		377B3B5D20B6A8DA00BB50C0 /* MyPage */ = {
			isa = PBXGroup;
			children = (
				377B3B5B20B6A8D400BB50C0 /* MyPageViewController.swift */,
				377B3B5E20B6A8F200BB50C0 /* MyPageViewController.storyboard */,
			);
			path = MyPage;
			sourceTree = "<group>";
		};
		377B3B6020B6AA2400BB50C0 /* ApplicationCooridnator */ = {
			isa = PBXGroup;
			children = (
				377B3B6320B6AA8F00BB50C0 /* Coordinator.swift */,
				377B3B6120B6AA5000BB50C0 /* ApplicationCoordinator.swift */,
				377B3B6620B6AD4C00BB50C0 /* HomeCoordinator.swift */,
				377B3B6820B6AE8C00BB50C0 /* TripCoordinator.swift */,
				377B3B6A20B6AE9F00BB50C0 /* MyPageCoordinator.swift */,
			);
			path = ApplicationCooridnator;
			sourceTree = "<group>";
		};
		377B3B6C20B6B0A700BB50C0 /* Extension */ = {
			isa = PBXGroup;
			children = (
				377B3B6D20B6B1D300BB50C0 /* UIViewController + Base.swift */,
				377B3B6F20B6B2CC00BB50C0 /* NSObject + Base.swift */,
			);
			path = Extension;
			sourceTree = "<group>";
		};
		377B3B7120B7A88B00BB50C0 /* Frameworks */ = {
			isa = PBXGroup;
			children = (
				377B3B8820B7F79600BB50C0 /* BulletinBoard.framework */,
				377B3B8520B7F6BD00BB50C0 /* Alamofire.framework */,
				377B3B8420B7F6BD00BB50C0 /* AlamofireImage.framework */,
				377B3B7220B7A88B00BB50C0 /* IGListKit.framework */,
				377B3B7320B7A88B00BB50C0 /* Lottie.framework */,
			);
			name = Frameworks;
			sourceTree = "<group>";
		};
		377B3B7820B7A94600BB50C0 /* Entity */ = {
			isa = PBXGroup;
			children = (
				377B3B6020B6AA2400BB50C0 /* ApplicationCooridnator */,
				377B3B7920B7A96900BB50C0 /* Category.swift */,
				377B3B8220B7EEFE00BB50C0 /* Picture.swift */,
			);
			path = Entity;
			sourceTree = "<group>";
		};
		377B3B7B20B7ACF500BB50C0 /* SectionController */ = {
			isa = PBXGroup;
			children = (
				377B3B7C20B7B0E600BB50C0 /* CategorySectionController.swift */,
				377B3B7E20B7E98F00BB50C0 /* PictureSectionCotroller.swift */,
			);
			path = SectionController;
			sourceTree = "<group>";
		};
/* End PBXGroup section */

/* Begin PBXNativeTarget section */
		3753AD6820B56F5400612D6B /* travelApp */ = {
			isa = PBXNativeTarget;
			buildConfigurationList = 3753AD9120B56F5700612D6B /* Build configuration list for PBXNativeTarget "travelApp" */;
			buildPhases = (
				3753AD6520B56F5400612D6B /* Sources */,
				3753AD6620B56F5400612D6B /* Frameworks */,
				3753AD6720B56F5400612D6B /* Resources */,
				377B3B7620B7A8B500BB50C0 /* ShellScript */,
			);
			buildRules = (
			);
			dependencies = (
			);
			name = travelApp;
			productName = travelApp;
			productReference = 3753AD6920B56F5400612D6B /* travelApp.app */;
			productType = "com.apple.product-type.application";
		};
		3753AD7C20B56F5700612D6B /* travelAppTests */ = {
			isa = PBXNativeTarget;
			buildConfigurationList = 3753AD9420B56F5700612D6B /* Build configuration list for PBXNativeTarget "travelAppTests" */;
			buildPhases = (
				3753AD7920B56F5700612D6B /* Sources */,
				3753AD7A20B56F5700612D6B /* Frameworks */,
				3753AD7B20B56F5700612D6B /* Resources */,
			);
			buildRules = (
			);
			dependencies = (
				3753AD7F20B56F5700612D6B /* PBXTargetDependency */,
			);
			name = travelAppTests;
			productName = travelAppTests;
			productReference = 3753AD7D20B56F5700612D6B /* travelAppTests.xctest */;
			productType = "com.apple.product-type.bundle.unit-test";
		};
		3753AD8720B56F5700612D6B /* travelAppUITests */ = {
			isa = PBXNativeTarget;
			buildConfigurationList = 3753AD9720B56F5700612D6B /* Build configuration list for PBXNativeTarget "travelAppUITests" */;
			buildPhases = (
				3753AD8420B56F5700612D6B /* Sources */,
				3753AD8520B56F5700612D6B /* Frameworks */,
				3753AD8620B56F5700612D6B /* Resources */,
			);
			buildRules = (
			);
			dependencies = (
				3753AD8A20B56F5700612D6B /* PBXTargetDependency */,
			);
			name = travelAppUITests;
			productName = travelAppUITests;
			productReference = 3753AD8820B56F5700612D6B /* travelAppUITests.xctest */;
			productType = "com.apple.product-type.bundle.ui-testing";
		};
/* End PBXNativeTarget section */

/* Begin PBXProject section */
		3753AD6120B56F5400612D6B /* Project object */ = {
			isa = PBXProject;
			attributes = {
				LastSwiftUpdateCheck = 0930;
				LastUpgradeCheck = 0930;
				ORGANIZATIONNAME = "watanabe-yudai";
				TargetAttributes = {
					3753AD6820B56F5400612D6B = {
						CreatedOnToolsVersion = 9.3.1;
					};
					3753AD7C20B56F5700612D6B = {
						CreatedOnToolsVersion = 9.3.1;
						TestTargetID = 3753AD6820B56F5400612D6B;
					};
					3753AD8720B56F5700612D6B = {
						CreatedOnToolsVersion = 9.3.1;
						TestTargetID = 3753AD6820B56F5400612D6B;
					};
				};
			};
			buildConfigurationList = 3753AD6420B56F5400612D6B /* Build configuration list for PBXProject "travelApp" */;
			compatibilityVersion = "Xcode 9.3";
			developmentRegion = en;
			hasScannedForEncodings = 0;
			knownRegions = (
				en,
				Base,
			);
			mainGroup = 3753AD6020B56F5400612D6B;
			productRefGroup = 3753AD6A20B56F5400612D6B /* Products */;
			projectDirPath = "";
			projectRoot = "";
			targets = (
				3753AD6820B56F5400612D6B /* travelApp */,
				3753AD7C20B56F5700612D6B /* travelAppTests */,
				3753AD8720B56F5700612D6B /* travelAppUITests */,
			);
		};
/* End PBXProject section */

/* Begin PBXResourcesBuildPhase section */
		3753AD6720B56F5400612D6B /* Resources */ = {
			isa = PBXResourcesBuildPhase;
			buildActionMask = 2147483647;
			files = (
				377B3B5F20B6A8F200BB50C0 /* MyPageViewController.storyboard in Resources */,
				3753AD9E20B6927900612D6B /* CategoryCollectionViewCell.xib in Resources */,
				3753ADAA20B6A43A00612D6B /* HomeViewController.storyboard in Resources */,
				3753AD7720B56F5700612D6B /* LaunchScreen.storyboard in Resources */,
				3753AD7420B56F5700612D6B /* Assets.xcassets in Resources */,
				3753ADA420B69B3100612D6B /* PictureCollectionViewCell.xib in Resources */,
				3753AD7220B56F5400612D6B /* Main.storyboard in Resources */,
				377B3B5A20B6A8B000BB50C0 /* TripViewController.storyboard in Resources */,
			);
			runOnlyForDeploymentPostprocessing = 0;
		};
		3753AD7B20B56F5700612D6B /* Resources */ = {
			isa = PBXResourcesBuildPhase;
			buildActionMask = 2147483647;
			files = (
			);
			runOnlyForDeploymentPostprocessing = 0;
		};
		3753AD8620B56F5700612D6B /* Resources */ = {
			isa = PBXResourcesBuildPhase;
			buildActionMask = 2147483647;
			files = (
			);
			runOnlyForDeploymentPostprocessing = 0;
		};
/* End PBXResourcesBuildPhase section */

/* Begin PBXShellScriptBuildPhase section */
		377B3B7620B7A8B500BB50C0 /* ShellScript */ = {
			isa = PBXShellScriptBuildPhase;
			buildActionMask = 2147483647;
			files = (
			);
			inputPaths = (
				"$(SRCROOT)/Carthage/Build/iOS/IGListKit.framework",
				"$(SRCROOT)/Carthage/Build/iOS/Lottie.framework",
				"$(SRCROOT)/Carthage/Build/iOS/Alamofire.framework",
				"$(SRCROOT)/Carthage/Build/iOS/AlamofireImage.framework",
				"$(SRCROOT)/carthage/Build/iOS/BulletinBoard.framework",
			);
			outputPaths = (
			);
			runOnlyForDeploymentPostprocessing = 0;
			shellPath = /bin/sh;
			shellScript = "/usr/local/bin/carthage copy-frameworks";
		};
/* End PBXShellScriptBuildPhase section */

/* Begin PBXSourcesBuildPhase section */
		3753AD6520B56F5400612D6B /* Sources */ = {
			isa = PBXSourcesBuildPhase;
			buildActionMask = 2147483647;
			files = (
				3753ADA820B6A40B00612D6B /* HomeViewController.swift in Sources */,
				377B3B7D20B7B0E600BB50C0 /* CategorySectionController.swift in Sources */,
				377B3B6B20B6AE9F00BB50C0 /* MyPageCoordinator.swift in Sources */,
				3753AD6F20B56F5400612D6B /* ViewController.swift in Sources */,
				377B3B5C20B6A8D400BB50C0 /* MyPageViewController.swift in Sources */,
				377B3B7020B6B2CC00BB50C0 /* NSObject + Base.swift in Sources */,
				377B3B6E20B6B1D300BB50C0 /* UIViewController + Base.swift in Sources */,
				3753ADA320B69B3100612D6B /* PictureCollectionViewCell.swift in Sources */,
				377B3B5820B6A85F00BB50C0 /* TripViewController.swift in Sources */,
				377B3B7F20B7E98F00BB50C0 /* PictureSectionCotroller.swift in Sources */,
				3753AD9D20B6927900612D6B /* CategoryCollectionViewCell.swift in Sources */,
				377B3B6920B6AE8C00BB50C0 /* TripCoordinator.swift in Sources */,
				3753AD6D20B56F5400612D6B /* AppDelegate.swift in Sources */,
				377B3B7A20B7A96900BB50C0 /* Category.swift in Sources */,
				377B3B6720B6AD4C00BB50C0 /* HomeCoordinator.swift in Sources */,
				377B3B8320B7EEFE00BB50C0 /* Picture.swift in Sources */,
				377B3B6220B6AA5000BB50C0 /* ApplicationCoordinator.swift in Sources */,
				377B3B6420B6AA8F00BB50C0 /* Coordinator.swift in Sources */,
			);
			runOnlyForDeploymentPostprocessing = 0;
		};
		3753AD7920B56F5700612D6B /* Sources */ = {
			isa = PBXSourcesBuildPhase;
			buildActionMask = 2147483647;
			files = (
				3753AD8220B56F5700612D6B /* travelAppTests.swift in Sources */,
			);
			runOnlyForDeploymentPostprocessing = 0;
		};
		3753AD8420B56F5700612D6B /* Sources */ = {
			isa = PBXSourcesBuildPhase;
			buildActionMask = 2147483647;
			files = (
				3753AD8D20B56F5700612D6B /* travelAppUITests.swift in Sources */,
			);
			runOnlyForDeploymentPostprocessing = 0;
		};
/* End PBXSourcesBuildPhase section */

/* Begin PBXTargetDependency section */
		3753AD7F20B56F5700612D6B /* PBXTargetDependency */ = {
			isa = PBXTargetDependency;
			target = 3753AD6820B56F5400612D6B /* travelApp */;
			targetProxy = 3753AD7E20B56F5700612D6B /* PBXContainerItemProxy */;
		};
		3753AD8A20B56F5700612D6B /* PBXTargetDependency */ = {
			isa = PBXTargetDependency;
			target = 3753AD6820B56F5400612D6B /* travelApp */;
			targetProxy = 3753AD8920B56F5700612D6B /* PBXContainerItemProxy */;
		};
/* End PBXTargetDependency section */

/* Begin PBXVariantGroup section */
		3753AD7020B56F5400612D6B /* Main.storyboard */ = {
			isa = PBXVariantGroup;
			children = (
				3753AD7120B56F5400612D6B /* Base */,
			);
			name = Main.storyboard;
			sourceTree = "<group>";
		};
		3753AD7520B56F5700612D6B /* LaunchScreen.storyboard */ = {
			isa = PBXVariantGroup;
			children = (
				3753AD7620B56F5700612D6B /* Base */,
			);
			name = LaunchScreen.storyboard;
			sourceTree = "<group>";
		};
/* End PBXVariantGroup section */

/* Begin XCBuildConfiguration section */
		3753AD8F20B56F5700612D6B /* Debug */ = {
			isa = XCBuildConfiguration;
			buildSettings = {
				ALWAYS_SEARCH_USER_PATHS = NO;
				CLANG_ANALYZER_NONNULL = YES;
				CLANG_ANALYZER_NUMBER_OBJECT_CONVERSION = YES_AGGRESSIVE;
				CLANG_CXX_LANGUAGE_STANDARD = "gnu++14";
				CLANG_CXX_LIBRARY = "libc++";
				CLANG_ENABLE_MODULES = YES;
				CLANG_ENABLE_OBJC_ARC = YES;
				CLANG_ENABLE_OBJC_WEAK = YES;
				CLANG_WARN_BLOCK_CAPTURE_AUTORELEASING = YES;
				CLANG_WARN_BOOL_CONVERSION = YES;
				CLANG_WARN_COMMA = YES;
				CLANG_WARN_CONSTANT_CONVERSION = YES;
				CLANG_WARN_DEPRECATED_OBJC_IMPLEMENTATIONS = YES;
				CLANG_WARN_DIRECT_OBJC_ISA_USAGE = YES_ERROR;
				CLANG_WARN_DOCUMENTATION_COMMENTS = YES;
				CLANG_WARN_EMPTY_BODY = YES;
				CLANG_WARN_ENUM_CONVERSION = YES;
				CLANG_WARN_INFINITE_RECURSION = YES;
				CLANG_WARN_INT_CONVERSION = YES;
				CLANG_WARN_NON_LITERAL_NULL_CONVERSION = YES;
				CLANG_WARN_OBJC_IMPLICIT_RETAIN_SELF = YES;
				CLANG_WARN_OBJC_LITERAL_CONVERSION = YES;
				CLANG_WARN_OBJC_ROOT_CLASS = YES_ERROR;
				CLANG_WARN_RANGE_LOOP_ANALYSIS = YES;
				CLANG_WARN_STRICT_PROTOTYPES = YES;
				CLANG_WARN_SUSPICIOUS_MOVE = YES;
				CLANG_WARN_UNGUARDED_AVAILABILITY = YES_AGGRESSIVE;
				CLANG_WARN_UNREACHABLE_CODE = YES;
				CLANG_WARN__DUPLICATE_METHOD_MATCH = YES;
				CODE_SIGN_IDENTITY = "iPhone Developer";
				COPY_PHASE_STRIP = NO;
				DEBUG_INFORMATION_FORMAT = dwarf;
				ENABLE_STRICT_OBJC_MSGSEND = YES;
				ENABLE_TESTABILITY = YES;
				GCC_C_LANGUAGE_STANDARD = gnu11;
				GCC_DYNAMIC_NO_PIC = NO;
				GCC_NO_COMMON_BLOCKS = YES;
				GCC_OPTIMIZATION_LEVEL = 0;
				GCC_PREPROCESSOR_DEFINITIONS = (
					"DEBUG=1",
					"$(inherited)",
				);
				GCC_WARN_64_TO_32_BIT_CONVERSION = YES;
				GCC_WARN_ABOUT_RETURN_TYPE = YES_ERROR;
				GCC_WARN_UNDECLARED_SELECTOR = YES;
				GCC_WARN_UNINITIALIZED_AUTOS = YES_AGGRESSIVE;
				GCC_WARN_UNUSED_FUNCTION = YES;
				GCC_WARN_UNUSED_VARIABLE = YES;
				IPHONEOS_DEPLOYMENT_TARGET = 11.3;
				MTL_ENABLE_DEBUG_INFO = YES;
				ONLY_ACTIVE_ARCH = YES;
				SDKROOT = iphoneos;
				SWIFT_ACTIVE_COMPILATION_CONDITIONS = DEBUG;
				SWIFT_OPTIMIZATION_LEVEL = "-Onone";
			};
			name = Debug;
		};
		3753AD9020B56F5700612D6B /* Release */ = {
			isa = XCBuildConfiguration;
			buildSettings = {
				ALWAYS_SEARCH_USER_PATHS = NO;
				CLANG_ANALYZER_NONNULL = YES;
				CLANG_ANALYZER_NUMBER_OBJECT_CONVERSION = YES_AGGRESSIVE;
				CLANG_CXX_LANGUAGE_STANDARD = "gnu++14";
				CLANG_CXX_LIBRARY = "libc++";
				CLANG_ENABLE_MODULES = YES;
				CLANG_ENABLE_OBJC_ARC = YES;
				CLANG_ENABLE_OBJC_WEAK = YES;
				CLANG_WARN_BLOCK_CAPTURE_AUTORELEASING = YES;
				CLANG_WARN_BOOL_CONVERSION = YES;
				CLANG_WARN_COMMA = YES;
				CLANG_WARN_CONSTANT_CONVERSION = YES;
				CLANG_WARN_DEPRECATED_OBJC_IMPLEMENTATIONS = YES;
				CLANG_WARN_DIRECT_OBJC_ISA_USAGE = YES_ERROR;
				CLANG_WARN_DOCUMENTATION_COMMENTS = YES;
				CLANG_WARN_EMPTY_BODY = YES;
				CLANG_WARN_ENUM_CONVERSION = YES;
				CLANG_WARN_INFINITE_RECURSION = YES;
				CLANG_WARN_INT_CONVERSION = YES;
				CLANG_WARN_NON_LITERAL_NULL_CONVERSION = YES;
				CLANG_WARN_OBJC_IMPLICIT_RETAIN_SELF = YES;
				CLANG_WARN_OBJC_LITERAL_CONVERSION = YES;
				CLANG_WARN_OBJC_ROOT_CLASS = YES_ERROR;
				CLANG_WARN_RANGE_LOOP_ANALYSIS = YES;
				CLANG_WARN_STRICT_PROTOTYPES = YES;
				CLANG_WARN_SUSPICIOUS_MOVE = YES;
				CLANG_WARN_UNGUARDED_AVAILABILITY = YES_AGGRESSIVE;
				CLANG_WARN_UNREACHABLE_CODE = YES;
				CLANG_WARN__DUPLICATE_METHOD_MATCH = YES;
				CODE_SIGN_IDENTITY = "iPhone Developer";
				COPY_PHASE_STRIP = NO;
				DEBUG_INFORMATION_FORMAT = "dwarf-with-dsym";
				ENABLE_NS_ASSERTIONS = NO;
				ENABLE_STRICT_OBJC_MSGSEND = YES;
				GCC_C_LANGUAGE_STANDARD = gnu11;
				GCC_NO_COMMON_BLOCKS = YES;
				GCC_WARN_64_TO_32_BIT_CONVERSION = YES;
				GCC_WARN_ABOUT_RETURN_TYPE = YES_ERROR;
				GCC_WARN_UNDECLARED_SELECTOR = YES;
				GCC_WARN_UNINITIALIZED_AUTOS = YES_AGGRESSIVE;
				GCC_WARN_UNUSED_FUNCTION = YES;
				GCC_WARN_UNUSED_VARIABLE = YES;
				IPHONEOS_DEPLOYMENT_TARGET = 11.3;
				MTL_ENABLE_DEBUG_INFO = NO;
				SDKROOT = iphoneos;
				SWIFT_COMPILATION_MODE = wholemodule;
				SWIFT_OPTIMIZATION_LEVEL = "-O";
				VALIDATE_PRODUCT = YES;
			};
			name = Release;
		};
		3753AD9220B56F5700612D6B /* Debug */ = {
			isa = XCBuildConfiguration;
			buildSettings = {
				ASSETCATALOG_COMPILER_APPICON_NAME = AppIcon;
				CODE_SIGN_STYLE = Automatic;
				DEVELOPMENT_TEAM = 86YAB7ZF6J;
				FRAMEWORK_SEARCH_PATHS = (
					"$(inherited)",
					"$(PROJECT_DIR)/Carthage/Build/iOS",
				);
				INFOPLIST_FILE = travelApp/Info.plist;
				LD_RUNPATH_SEARCH_PATHS = (
					"$(inherited)",
					"@executable_path/Frameworks",
				);
				PRODUCT_BUNDLE_IDENTIFIER = test.travelApp;
				PRODUCT_NAME = "$(TARGET_NAME)";
				SWIFT_VERSION = 4.0;
				TARGETED_DEVICE_FAMILY = "1,2";
			};
			name = Debug;
		};
		3753AD9320B56F5700612D6B /* Release */ = {
			isa = XCBuildConfiguration;
			buildSettings = {
				ASSETCATALOG_COMPILER_APPICON_NAME = AppIcon;
				CODE_SIGN_STYLE = Automatic;
				DEVELOPMENT_TEAM = 86YAB7ZF6J;
				FRAMEWORK_SEARCH_PATHS = (
					"$(inherited)",
					"$(PROJECT_DIR)/Carthage/Build/iOS",
				);
				INFOPLIST_FILE = travelApp/Info.plist;
				LD_RUNPATH_SEARCH_PATHS = (
					"$(inherited)",
					"@executable_path/Frameworks",
				);
				PRODUCT_BUNDLE_IDENTIFIER = test.travelApp;
				PRODUCT_NAME = "$(TARGET_NAME)";
				SWIFT_VERSION = 4.0;
				TARGETED_DEVICE_FAMILY = "1,2";
			};
			name = Release;
		};
		3753AD9520B56F5700612D6B /* Debug */ = {
			isa = XCBuildConfiguration;
			buildSettings = {
				ALWAYS_EMBED_SWIFT_STANDARD_LIBRARIES = YES;
				BUNDLE_LOADER = "$(TEST_HOST)";
				CODE_SIGN_STYLE = Automatic;
				INFOPLIST_FILE = travelAppTests/Info.plist;
				LD_RUNPATH_SEARCH_PATHS = (
					"$(inherited)",
					"@executable_path/Frameworks",
					"@loader_path/Frameworks",
				);
				PRODUCT_BUNDLE_IDENTIFIER = test.travelAppTests;
				PRODUCT_NAME = "$(TARGET_NAME)";
				SWIFT_VERSION = 4.0;
				TARGETED_DEVICE_FAMILY = "1,2";
				TEST_HOST = "$(BUILT_PRODUCTS_DIR)/travelApp.app/travelApp";
			};
			name = Debug;
		};
		3753AD9620B56F5700612D6B /* Release */ = {
			isa = XCBuildConfiguration;
			buildSettings = {
				ALWAYS_EMBED_SWIFT_STANDARD_LIBRARIES = YES;
				BUNDLE_LOADER = "$(TEST_HOST)";
				CODE_SIGN_STYLE = Automatic;
				INFOPLIST_FILE = travelAppTests/Info.plist;
				LD_RUNPATH_SEARCH_PATHS = (
					"$(inherited)",
					"@executable_path/Frameworks",
					"@loader_path/Frameworks",
				);
				PRODUCT_BUNDLE_IDENTIFIER = test.travelAppTests;
				PRODUCT_NAME = "$(TARGET_NAME)";
				SWIFT_VERSION = 4.0;
				TARGETED_DEVICE_FAMILY = "1,2";
				TEST_HOST = "$(BUILT_PRODUCTS_DIR)/travelApp.app/travelApp";
			};
			name = Release;
		};
		3753AD9820B56F5700612D6B /* Debug */ = {
			isa = XCBuildConfiguration;
			buildSettings = {
				ALWAYS_EMBED_SWIFT_STANDARD_LIBRARIES = YES;
				CODE_SIGN_STYLE = Automatic;
				INFOPLIST_FILE = travelAppUITests/Info.plist;
				LD_RUNPATH_SEARCH_PATHS = (
					"$(inherited)",
					"@executable_path/Frameworks",
					"@loader_path/Frameworks",
				);
				PRODUCT_BUNDLE_IDENTIFIER = test.travelAppUITests;
				PRODUCT_NAME = "$(TARGET_NAME)";
				SWIFT_VERSION = 4.0;
				TARGETED_DEVICE_FAMILY = "1,2";
				TEST_TARGET_NAME = travelApp;
			};
			name = Debug;
		};
		3753AD9920B56F5700612D6B /* Release */ = {
			isa = XCBuildConfiguration;
			buildSettings = {
				ALWAYS_EMBED_SWIFT_STANDARD_LIBRARIES = YES;
				CODE_SIGN_STYLE = Automatic;
				INFOPLIST_FILE = travelAppUITests/Info.plist;
				LD_RUNPATH_SEARCH_PATHS = (
					"$(inherited)",
					"@executable_path/Frameworks",
					"@loader_path/Frameworks",
				);
				PRODUCT_BUNDLE_IDENTIFIER = test.travelAppUITests;
				PRODUCT_NAME = "$(TARGET_NAME)";
				SWIFT_VERSION = 4.0;
				TARGETED_DEVICE_FAMILY = "1,2";
				TEST_TARGET_NAME = travelApp;
			};
			name = Release;
		};
/* End XCBuildConfiguration section */

/* Begin XCConfigurationList section */
		3753AD6420B56F5400612D6B /* Build configuration list for PBXProject "travelApp" */ = {
			isa = XCConfigurationList;
			buildConfigurations = (
				3753AD8F20B56F5700612D6B /* Debug */,
				3753AD9020B56F5700612D6B /* Release */,
			);
			defaultConfigurationIsVisible = 0;
			defaultConfigurationName = Release;
		};
		3753AD9120B56F5700612D6B /* Build configuration list for PBXNativeTarget "travelApp" */ = {
			isa = XCConfigurationList;
			buildConfigurations = (
				3753AD9220B56F5700612D6B /* Debug */,
				3753AD9320B56F5700612D6B /* Release */,
			);
			defaultConfigurationIsVisible = 0;
			defaultConfigurationName = Release;
		};
		3753AD9420B56F5700612D6B /* Build configuration list for PBXNativeTarget "travelAppTests" */ = {
			isa = XCConfigurationList;
			buildConfigurations = (
				3753AD9520B56F5700612D6B /* Debug */,
				3753AD9620B56F5700612D6B /* Release */,
			);
			defaultConfigurationIsVisible = 0;
			defaultConfigurationName = Release;
		};
		3753AD9720B56F5700612D6B /* Build configuration list for PBXNativeTarget "travelAppUITests" */ = {
			isa = XCConfigurationList;
			buildConfigurations = (
				3753AD9820B56F5700612D6B /* Debug */,
				3753AD9920B56F5700612D6B /* Release */,
			);
			defaultConfigurationIsVisible = 0;
			defaultConfigurationName = Release;
		};
/* End XCConfigurationList section */
	};
	rootObject = 3753AD6120B56F5400612D6B /* Project object */;
}
